<?xml version="1.0" encoding="utf-8"?>
<Project ToolsVersion="4.0" xmlns="http://schemas.microsoft.com/developer/msbuild/2003">
  <ItemGroup>
    <Filter Include="Form Files">
      <UniqueIdentifier>{f060a786-ec9f-4008-a844-d4ea502c636e}</UniqueIdentifier>
      <Extensions>ui</Extensions>
    </Filter>
    <Filter Include="Header Files">
      <UniqueIdentifier>{96503581-2b77-4a65-85a1-874677647505}</UniqueIdentifier>
      <Extensions>h</Extensions>
    </Filter>
    <Filter Include="Source Files">
      <UniqueIdentifier>{7122e284-eaa8-4518-9167-1d74263ac30c}</UniqueIdentifier>
      <Extensions>cpp;cxx;c;def</Extensions>
    </Filter>
    <Filter Include="Generated Files">
      <UniqueIdentifier>{71ED8ED8-ACB9-4CE9-BBE1-E00B30144E11}</UniqueIdentifier>
      <Extensions>moc;h;cpp</Extensions>
      <ParseFiles>true</ParseFiles>
    </Filter>
    <Filter Include="Generated Files\Debug">
      <UniqueIdentifier>{c9bb26f4-9291-41e5-9e6f-a450084dabd9}</UniqueIdentifier>
      <Extensions>cpp;moc</Extensions>
      <SourceControlFiles>False</SourceControlFiles>
    </Filter>
    <Filter Include="Generated Files\Release">
      <UniqueIdentifier>{b3fb8984-809a-45a8-840d-874352f84a54}</UniqueIdentifier>
      <Extensions>cpp;moc</Extensions>
      <SourceControlFiles>False</SourceControlFiles>
    </Filter>
  </ItemGroup>
  <ItemGroup>
    <ClCompile Include="graphicscontext.cpp">
      <Filter>Source Files</Filter>
    </ClCompile>
    <ClCompile Include="d3dcontext.cpp">
      <Filter>Source Files</Filter>
    </ClCompile>
    <ClCompile Include="gfxlog.cpp">
      <Filter>Source Files</Filter>
    </ClCompile>
    <ClCompile Include="pciidparser.cpp">
      <Filter>Source Files</Filter>
    </ClCompile>
    <ClCompile Include="libvidgfx.cpp">
      <Filter>Source Files</Filter>
    </ClCompile>
    <ClCompile Include="GeneratedFiles\qrc_Libvidgfx.cpp">
      <Filter>Generated Files</Filter>
    </ClCompile>
    <ClCompile Include="GeneratedFiles\Debug\moc_d3dcontext.cpp">
      <Filter>Generated Files\Debug</Filter>
    </ClCompile>
    <ClCompile Include="GeneratedFiles\Release\moc_d3dcontext.cpp">
      <Filter>Generated Files\Release</Filter>
    </ClCompile>
    <ClCompile Include="GeneratedFiles\Debug\moc_graphicscontext.cpp">
      <Filter>Generated Files\Debug</Filter>
    </ClCompile>
    <ClCompile Include="GeneratedFiles\Release\moc_graphicscontext.cpp">
      <Filter>Generated Files\Release</Filter>
    </ClCompile>
  </ItemGroup>
  <ItemGroup>
    <ClInclude Include="pciidparser.h">
      <Filter>Header Files</Filter>
    </ClInclude>
    <ClInclude Include="include\libvidgfx.h">
      <Filter>Header Files</Filter>
    </ClInclude>
    <ClInclude Include="resource.h">
      <Filter>Header Files</Filter>
    </ClInclude>
    <ClInclude Include="gfxlog.h">
      <Filter>Header Files</Filter>
    </ClInclude>
    <ClInclude Include="versionhelpers.h">
      <Filter>Header Files</Filter>
    </ClInclude>
  </ItemGroup>
  <ItemGroup>
    <CustomBuild Include="Libvidgfx.qrc" />
    <CustomBuild Include="d3dcontext.h">
      <Filter>Header Files</Filter>
    </CustomBuild>
    <CustomBuild Include="graphicscontext.h">
      <Filter>Header Files</Filter>
    </CustomBuild>
  </ItemGroup>
  <ItemGroup>
    <ResourceCompile Include="Libvidgfx.rc" />
  </ItemGroup>
</Project>