<?xml version="1.0" encoding="utf-8"?>
<Project ToolsVersion="4.0" xmlns="http://schemas.microsoft.com/developer/msbuild/2003">
  <ItemGroup>
    <FxCompile Include="solid-ps.hlsl">
      <Filter>Shaders</Filter>
    </FxCompile>
    <FxCompile Include="solid-vs.hlsl">
      <Filter>Shaders</Filter>
    </FxCompile>
    <FxCompile Include="texDecal-ps.hlsl">
      <Filter>Shaders</Filter>
    </FxCompile>
    <FxCompile Include="texDecal-vs.hlsl">
      <Filter>Shaders</Filter>
    </FxCompile>
    <FxCompile Include="resize-vs.hlsl">
      <Filter>Shaders</Filter>
    </FxCompile>
    <FxCompile Include="resize-ps.hlsl">
      <Filter>Shaders</Filter>
    </FxCompile>
    <FxCompile Include="rgb-nv16-ps.hlsl">
      <Filter>Shaders</Filter>
    </FxCompile>
    <FxCompile Include="texDecalRgb-ps.hlsl">
      <Filter>Shaders</Filter>
    </FxCompile>
    <FxCompile Include="yv12-rgb-ps.hlsl">
      <Filter>Shaders</Filter>
    </FxCompile>
    <FxCompile Include="yuy2-rgb-ps.hlsl">
      <Filter>Shaders</Filter>
    </FxCompile>
    <FxCompile Include="uyvy-rgb-ps.hlsl">
      <Filter>Shaders</Filter>
    </FxCompile>
    <FxCompile Include="hdyc-rgb-ps.hlsl">
      <Filter>Shaders</Filter>
    </FxCompile>
    <FxCompile Include="texDecalGbcs-ps.hlsl">
      <Filter>Shaders</Filter>
    </FxCompile>
  </ItemGroup>
  <ItemGroup>
    <Filter Include="Shaders">
      <UniqueIdentifier>{0030699b-60ab-4f3f-a637-14e988d3410c}</UniqueIdentifier>
    </Filter>
  </ItemGroup>
</Project>